{
  "name": "ags",
  "lockfileVersion": 3,
  "requires": true,
  "packages": {
    "": {
      "dependencies": {
        "@girs/gjs": "^4.0.0-beta.19",
        "@girs/gtk-4.0": "^4.16.3-4.0.0-beta.19"
      }
    },
    "node_modules/@girs/cairo-1.0": {
      "version": "1.0.0-4.0.0-beta.19",
      "resolved": "https://registry.npmjs.org/@girs/cairo-1.0/-/cairo-1.0-1.0.0-4.0.0-beta.19.tgz",
      "integrity": "sha512-nBI5oveqH0N7czBC95ofJ4Un5KKqK6guANE6O0OxkwuF6B3YxVqdNmF8O8i2tk3GIxBzwxkC0bi0Wb6X4tLR8g==",
      "license": "MIT",
      "dependencies": {
        "@girs/gjs": "^4.0.0-beta.19",
        "@girs/glib-2.0": "^2.82.2-4.0.0-beta.19",
        "@girs/gobject-2.0": "^2.82.2-4.0.0-beta.19"
      }
    },
    "node_modules/@girs/freetype2-2.0": {
      "version": "2.0.0-4.0.0-beta.19",
      "resolved": "https://registry.npmjs.org/@girs/freetype2-2.0/-/freetype2-2.0-2.0.0-4.0.0-beta.19.tgz",
      "integrity": "sha512-xU3uVUXMY0MeLc2U4QgpWBQ6VSBtMKaqKRcRT7TrOM1etkLzGhh70SWt16xjqA6vrpF+wZ9TtndQZy2ky0gpwA==",
      "license": "MIT",
      "dependencies": {
        "@girs/gjs": "^4.0.0-beta.19",
        "@girs/gobject-2.0": "^2.82.2-4.0.0-beta.19"
      }
    },
    "node_modules/@girs/gdk-4.0": {
      "version": "4.0.0-4.0.0-beta.19",
      "resolved": "https://registry.npmjs.org/@girs/gdk-4.0/-/gdk-4.0-4.0.0-4.0.0-beta.19.tgz",
      "integrity": "sha512-mzUgED6t5lvCeX5r1QHozwYs1/gZmOuDegMHawvSOydSkScaP5tlwLrUgpB+iosOPibUeZScMSkXWsNd09Stng==",
      "license": "MIT",
      "dependencies": {
        "@girs/cairo-1.0": "^1.0.0-4.0.0-beta.19",
        "@girs/freetype2-2.0": "^2.0.0-4.0.0-beta.19",
        "@girs/gdkpixbuf-2.0": "^2.0.0-4.0.0-beta.19",
        "@girs/gio-2.0": "^2.82.2-4.0.0-beta.19",
        "@girs/gjs": "^4.0.0-beta.19",
        "@girs/glib-2.0": "^2.82.2-4.0.0-beta.19",
        "@girs/gmodule-2.0": "^2.0.0-4.0.0-beta.19",
        "@girs/gobject-2.0": "^2.82.2-4.0.0-beta.19",
        "@girs/harfbuzz-0.0": "^9.0.0-4.0.0-beta.19",
        "@girs/pango-1.0": "^1.54.0-4.0.0-beta.19",
        "@girs/pangocairo-1.0": "^1.0.0-4.0.0-beta.19"
      }
    },
    "node_modules/@girs/gdkpixbuf-2.0": {
      "version": "2.0.0-4.0.0-beta.19",
      "resolved": "https://registry.npmjs.org/@girs/gdkpixbuf-2.0/-/gdkpixbuf-2.0-2.0.0-4.0.0-beta.19.tgz",
      "integrity": "sha512-h8+LofOkyChEhduPGWYI4XDi5bCb9h8aRhYU4p6CTWEAiWXE2a7EtPjdLKXkQADAL/xt3eQoF2t6ecFdYIoiEg==",
      "license": "MIT",
      "dependencies": {
        "@girs/gio-2.0": "^2.82.2-4.0.0-beta.19",
        "@girs/gjs": "^4.0.0-beta.19",
        "@girs/glib-2.0": "^2.82.2-4.0.0-beta.19",
        "@girs/gmodule-2.0": "^2.0.0-4.0.0-beta.19",
        "@girs/gobject-2.0": "^2.82.2-4.0.0-beta.19"
      }
    },
    "node_modules/@girs/gio-2.0": {
      "version": "2.82.2-4.0.0-beta.19",
      "resolved": "https://registry.npmjs.org/@girs/gio-2.0/-/gio-2.0-2.82.2-4.0.0-beta.19.tgz",
      "integrity": "sha512-OM2E/mdNX3Z+X7mB8ZVFch4WbUqX1Y6hADiG9+LuGWsAOjPAVvDDUk5N4+34+BTPEfFHLGOdo8E7dI235jylCQ==",
      "license": "MIT",
      "dependencies": {
        "@girs/gjs": "^4.0.0-beta.19",
        "@girs/glib-2.0": "^2.82.2-4.0.0-beta.19",
        "@girs/gmodule-2.0": "^2.0.0-4.0.0-beta.19",
        "@girs/gobject-2.0": "^2.82.2-4.0.0-beta.19"
      }
    },
    "node_modules/@girs/gjs": {
      "version": "4.0.0-beta.19",
      "resolved": "https://registry.npmjs.org/@girs/gjs/-/gjs-4.0.0-beta.19.tgz",
      "integrity": "sha512-tl+BjmMqqZH9xZcJZ2AwWI0sotGDc7qVPppAJNeFZFCgUDOFVWThZfkpZffZcQGNphn7wgU8HOvgZyrtVhrltw==",
      "license": "MIT",
      "dependencies": {
        "@girs/cairo-1.0": "^1.0.0-4.0.0-beta.19",
        "@girs/gio-2.0": "^2.82.2-4.0.0-beta.19",
        "@girs/glib-2.0": "^2.82.2-4.0.0-beta.19",
        "@girs/gobject-2.0": "^2.82.2-4.0.0-beta.19"
      }
    },
    "node_modules/@girs/glib-2.0": {
      "version": "2.82.2-4.0.0-beta.19",
      "resolved": "https://registry.npmjs.org/@girs/glib-2.0/-/glib-2.0-2.82.2-4.0.0-beta.19.tgz",
      "integrity": "sha512-mRUhcp7O65KQQkyrgiQpUzl1rY+TH4X+A98Kk67g3VjuA7Ei/lV4lcuZnW04HnXAGvQ3Qfkq877NmcDXRgb02g==",
      "license": "MIT",
      "dependencies": {
        "@girs/gjs": "^4.0.0-beta.19",
        "@girs/gobject-2.0": "^2.82.2-4.0.0-beta.19"
      }
    },
    "node_modules/@girs/gmodule-2.0": {
      "version": "2.0.0-4.0.0-beta.19",
      "resolved": "https://registry.npmjs.org/@girs/gmodule-2.0/-/gmodule-2.0-2.0.0-4.0.0-beta.19.tgz",
      "integrity": "sha512-whTYGLL63Hw1Tn9ZicpJRAMtkYiZwB3lrcln4ETFxyO1ckGTTZ5s17cWcrQjij27veVvjWcb5rmc93L5djeBpg==",
      "license": "MIT",
      "dependencies": {
        "@girs/gjs": "^4.0.0-beta.19",
        "@girs/glib-2.0": "^2.82.2-4.0.0-beta.19",
        "@girs/gobject-2.0": "^2.82.2-4.0.0-beta.19"
      }
    },
    "node_modules/@girs/gobject-2.0": {
      "version": "2.82.2-4.0.0-beta.19",
      "resolved": "https://registry.npmjs.org/@girs/gobject-2.0/-/gobject-2.0-2.82.2-4.0.0-beta.19.tgz",
      "integrity": "sha512-E1fCaIZvZ7K035Waa/vYOTqLKI47OSUX3wpMrD+DBlyfDLDCFvyXwaIrFsiKUVFJIxj1xxq7H2yCZvkYqkfklA==",
      "license": "MIT",
      "dependencies": {
        "@girs/gjs": "^4.0.0-beta.19",
        "@girs/glib-2.0": "^2.82.2-4.0.0-beta.19"
      }
    },
    "node_modules/@girs/graphene-1.0": {
      "version": "1.0.0-4.0.0-beta.19",
      "resolved": "https://registry.npmjs.org/@girs/graphene-1.0/-/graphene-1.0-1.0.0-4.0.0-beta.19.tgz",
      "integrity": "sha512-TVich9PzcDhD0vECizmHydSTqUhzfIUw3iYi8Pu9bE4wT90gwkgzst9klrjd64oNCNBa3JYrI8xB1txD69kMIg==",
      "license": "MIT",
      "dependencies": {
        "@girs/gjs": "^4.0.0-beta.19",
        "@girs/glib-2.0": "^2.82.2-4.0.0-beta.19",
        "@girs/gobject-2.0": "^2.82.2-4.0.0-beta.19"
      }
    },
    "node_modules/@girs/gsk-4.0": {
      "version": "4.0.0-4.0.0-beta.19",
      "resolved": "https://registry.npmjs.org/@girs/gsk-4.0/-/gsk-4.0-4.0.0-4.0.0-beta.19.tgz",
      "integrity": "sha512-UW2skBBR652PVCeTfnjcQ246099wmb9L2rq7C2MwPeV+n7hqnlIBEczdDKspZCvEIC0377Ds9kZeUYqprEBdfQ==",
      "license": "MIT",
      "dependencies": {
        "@girs/cairo-1.0": "^1.0.0-4.0.0-beta.19",
        "@girs/freetype2-2.0": "^2.0.0-4.0.0-beta.19",
        "@girs/gdk-4.0": "^4.0.0-4.0.0-beta.19",
        "@girs/gdkpixbuf-2.0": "^2.0.0-4.0.0-beta.19",
        "@girs/gio-2.0": "^2.82.2-4.0.0-beta.19",
        "@girs/gjs": "^4.0.0-beta.19",
        "@girs/glib-2.0": "^2.82.2-4.0.0-beta.19",
        "@girs/gmodule-2.0": "^2.0.0-4.0.0-beta.19",
        "@girs/gobject-2.0": "^2.82.2-4.0.0-beta.19",
        "@girs/graphene-1.0": "^1.0.0-4.0.0-beta.19",
        "@girs/harfbuzz-0.0": "^9.0.0-4.0.0-beta.19",
        "@girs/pango-1.0": "^1.54.0-4.0.0-beta.19",
        "@girs/pangocairo-1.0": "^1.0.0-4.0.0-beta.19"
      }
    },
    "node_modules/@girs/gtk-4.0": {
      "version": "4.16.3-4.0.0-beta.19",
      "resolved": "https://registry.npmjs.org/@girs/gtk-4.0/-/gtk-4.0-4.16.3-4.0.0-beta.19.tgz",
      "integrity": "sha512-IPDbVzknnEs1G4XyYZxB+0cx6d1CBQjg/CJOgUCk4NTIrvxfzvcHBy4idyT/12ecOGsAx7AryqCkn4dhetYLqg==",
      "license": "MIT",
      "dependencies": {
        "@girs/cairo-1.0": "^1.0.0-4.0.0-beta.19",
        "@girs/freetype2-2.0": "^2.0.0-4.0.0-beta.19",
        "@girs/gdk-4.0": "^4.0.0-4.0.0-beta.19",
        "@girs/gdkpixbuf-2.0": "^2.0.0-4.0.0-beta.19",
        "@girs/gio-2.0": "^2.82.2-4.0.0-beta.19",
        "@girs/gjs": "^4.0.0-beta.19",
        "@girs/glib-2.0": "^2.82.2-4.0.0-beta.19",
        "@girs/gmodule-2.0": "^2.0.0-4.0.0-beta.19",
        "@girs/gobject-2.0": "^2.82.2-4.0.0-beta.19",
        "@girs/graphene-1.0": "^1.0.0-4.0.0-beta.19",
        "@girs/gsk-4.0": "^4.0.0-4.0.0-beta.19",
        "@girs/harfbuzz-0.0": "^9.0.0-4.0.0-beta.19",
        "@girs/pango-1.0": "^1.54.0-4.0.0-beta.19",
        "@girs/pangocairo-1.0": "^1.0.0-4.0.0-beta.19"
      }
    },
    "node_modules/@girs/harfbuzz-0.0": {
      "version": "9.0.0-4.0.0-beta.19",
      "resolved": "https://registry.npmjs.org/@girs/harfbuzz-0.0/-/harfbuzz-0.0-9.0.0-4.0.0-beta.19.tgz",
      "integrity": "sha512-m+rGrFJs6OUdz/WdG/lvXgJ6eSMW5vSPmtZDHoipDnY5LDMDfF0/tEc12RqPqJ7uF59czcYtpSa2gR4ZtrKHUA==",
      "license": "MIT",
      "dependencies": {
        "@girs/freetype2-2.0": "^2.0.0-4.0.0-beta.19",
        "@girs/gjs": "^4.0.0-beta.19",
        "@girs/glib-2.0": "^2.82.2-4.0.0-beta.19",
        "@girs/gobject-2.0": "^2.82.2-4.0.0-beta.19"
      }
    },
    "node_modules/@girs/pango-1.0": {
      "version": "1.54.0-4.0.0-beta.19",
      "resolved": "https://registry.npmjs.org/@girs/pango-1.0/-/pango-1.0-1.54.0-4.0.0-beta.19.tgz",
      "integrity": "sha512-O/tJNlRAdmuJFrw8pOMKZrYldgSLgAN9dOJrtQXSh4+6vFH7LQ9SnCKv+6hmJ6yJUnfzEtyOgWAhdmee/Hz3tQ==",
      "license": "MIT",
      "dependencies": {
        "@girs/cairo-1.0": "^1.0.0-4.0.0-beta.19",
        "@girs/freetype2-2.0": "^2.0.0-4.0.0-beta.19",
        "@girs/gio-2.0": "^2.82.2-4.0.0-beta.19",
        "@girs/gjs": "^4.0.0-beta.19",
        "@girs/glib-2.0": "^2.82.2-4.0.0-beta.19",
        "@girs/gmodule-2.0": "^2.0.0-4.0.0-beta.19",
        "@girs/gobject-2.0": "^2.82.2-4.0.0-beta.19",
        "@girs/harfbuzz-0.0": "^9.0.0-4.0.0-beta.19"
      }
    },
    "node_modules/@girs/pangocairo-1.0": {
      "version": "1.0.0-4.0.0-beta.19",
      "resolved": "https://registry.npmjs.org/@girs/pangocairo-1.0/-/pangocairo-1.0-1.0.0-4.0.0-beta.19.tgz",
      "integrity": "sha512-LSyxXfJ3/FgOHW4pZt2w1mPyi4Gi1LduikLH5X5XtTaPDqA3czf9G72V3QJ/P8RI+LZ/9KWhhg1ZuGF/uhQyZA==",
      "license": "MIT",
      "dependencies": {
        "@girs/cairo-1.0": "^1.0.0-4.0.0-beta.19",
        "@girs/freetype2-2.0": "^2.0.0-4.0.0-beta.19",
        "@girs/gio-2.0": "^2.82.2-4.0.0-beta.19",
        "@girs/gjs": "^4.0.0-beta.19",
        "@girs/glib-2.0": "^2.82.2-4.0.0-beta.19",
        "@girs/gmodule-2.0": "^2.0.0-4.0.0-beta.19",
        "@girs/gobject-2.0": "^2.82.2-4.0.0-beta.19",
        "@girs/harfbuzz-0.0": "^9.0.0-4.0.0-beta.19",
        "@girs/pango-1.0": "^1.54.0-4.0.0-beta.19"
      }
    }
  }
}
